
Microsoft Visual Studio Solution File, Format Version 12.00
# Visual Studio 15
VisualStudioVersion = 15.0.28307.489
MinimumVisualStudioVersion = 10.0.40219.1
Project("{FAE04EC0-301F-11D3-BF4B-00C04F79EFBC}") = "RegisztracioAlkalmazas", "RegisztracioAlkalmazas\RegisztracioAlkalmazas.csproj", "{F69A8592-340A-476A-B715-ACF56AFAD49C}"
EndProject
Global
	GlobalSection(SolutionConfigurationPlatforms) = preSolution
		Debug|Any CPU = Debug|Any CPU
		Release|Any CPU = Release|Any CPU
	EndGlobalSection
	GlobalSection(ProjectConfigurationPlatforms) = postSolution
		{F69A8592-340A-476A-B715-ACF56AFAD49C}.Debug|Any CPU.ActiveCfg = Debug|Any CPU
		{F69A8592-340A-476A-B715-ACF56AFAD49C}.Debug|Any CPU.Build.0 = Debug|Any CPU
		{F69A8592-340A-476A-B715-ACF56AFAD49C}.Release|Any CPU.ActiveCfg = Release|Any CPU
		{F69A8592-340A-476A-B715-ACF56AFAD49C}.Release|Any CPU.Build.0 = Release|Any CPU
	EndGlobalSection
	GlobalSection(SolutionProperties) = preSolution
		HideSolutionNode = FALSE
	EndGlobalSection
	GlobalSection(ExtensibilityGlobals) = postSolution
		SolutionGuid = {74562798-30F0-4515-AA96-95140F09A329}
	EndGlobalSection
EndGlobal
